
Microsoft Visual Studio Solution File, Format Version 12.00
# Visual Studio Express 2013 for Web
VisualStudioVersion = 12.0.21005.1
MinimumVisualStudioVersion = 10.0.40219.1
Project("{FAE04EC0-301F-11D3-BF4B-00C04F79EFBC}") = "SharpOTP", "SharpOTP\SharpOTP.csproj", "{3FD44090-6E25-4898-8F03-82D3FC3430F1}"
EndProject
Project("{FAE04EC0-301F-11D3-BF4B-00C04F79EFBC}") = "SharpOTP.Remote", "SharpOTP.Remote\SharpOTP.Remote.csproj", "{C79F49BD-1276-4ED4-8713-77DE45630BAF}"
EndProject
Project("{2150E333-8FDC-42A3-9474-1A3956D46DE8}") = "QuickStart", "QuickStart", "{A91F24A6-41D4-4AFB-BFC2-2B48B8F66EEB}"
EndProject
Project("{FAE04EC0-301F-11D3-BF4B-00C04F79EFBC}") = "Example1", "QuickStart\Example1\Example1.csproj", "{B239EF2A-10FD-4CF9-A377-77A3A20680B8}"
EndProject
Global
	GlobalSection(SolutionConfigurationPlatforms) = preSolution
		Debug|Any CPU = Debug|Any CPU
		Release|Any CPU = Release|Any CPU
	EndGlobalSection
	GlobalSection(ProjectConfigurationPlatforms) = postSolution
		{3FD44090-6E25-4898-8F03-82D3FC3430F1}.Debug|Any CPU.ActiveCfg = Debug|Any CPU
		{3FD44090-6E25-4898-8F03-82D3FC3430F1}.Debug|Any CPU.Build.0 = Debug|Any CPU
		{3FD44090-6E25-4898-8F03-82D3FC3430F1}.Release|Any CPU.ActiveCfg = Release|Any CPU
		{3FD44090-6E25-4898-8F03-82D3FC3430F1}.Release|Any CPU.Build.0 = Release|Any CPU
		{C79F49BD-1276-4ED4-8713-77DE45630BAF}.Debug|Any CPU.ActiveCfg = Debug|Any CPU
		{C79F49BD-1276-4ED4-8713-77DE45630BAF}.Debug|Any CPU.Build.0 = Debug|Any CPU
		{C79F49BD-1276-4ED4-8713-77DE45630BAF}.Release|Any CPU.ActiveCfg = Release|Any CPU
		{C79F49BD-1276-4ED4-8713-77DE45630BAF}.Release|Any CPU.Build.0 = Release|Any CPU
		{B239EF2A-10FD-4CF9-A377-77A3A20680B8}.Debug|Any CPU.ActiveCfg = Debug|Any CPU
		{B239EF2A-10FD-4CF9-A377-77A3A20680B8}.Debug|Any CPU.Build.0 = Debug|Any CPU
		{B239EF2A-10FD-4CF9-A377-77A3A20680B8}.Release|Any CPU.ActiveCfg = Release|Any CPU
		{B239EF2A-10FD-4CF9-A377-77A3A20680B8}.Release|Any CPU.Build.0 = Release|Any CPU
	EndGlobalSection
	GlobalSection(SolutionProperties) = preSolution
		HideSolutionNode = FALSE
	EndGlobalSection
	GlobalSection(NestedProjects) = preSolution
		{B239EF2A-10FD-4CF9-A377-77A3A20680B8} = {A91F24A6-41D4-4AFB-BFC2-2B48B8F66EEB}
	EndGlobalSection
EndGlobal
